
Microsoft Visual Studio Solution File, Format Version 12.00
# Visual Studio Version 17
VisualStudioVersion = 17.13.35931.197 d17.13
MinimumVisualStudioVersion = 10.0.40219.1
Project("{FAE04EC0-301F-11D3-BF4B-00C04F79EFBC}") = "SimplyToDo.Web", "SimplyToDo.Web\SimplyToDo.Web.csproj", "{B1435F1F-9508-4F80-AA45-850E75245F71}"
EndProject
Project("{FAE04EC0-301F-11D3-BF4B-00C04F79EFBC}") = "SimplyToDo.Data", "SimplyToDo.Data\SimplyToDo.Data.csproj", "{88D8D6DC-62F1-4248-A167-D46433065B7B}"
EndProject
Global
	GlobalSection(SolutionConfigurationPlatforms) = preSolution
		Debug|Any CPU = Debug|Any CPU
		Release|Any CPU = Release|Any CPU
	EndGlobalSection
	GlobalSection(ProjectConfigurationPlatforms) = postSolution
		{B1435F1F-9508-4F80-AA45-850E75245F71}.Debug|Any CPU.ActiveCfg = Debug|Any CPU
		{B1435F1F-9508-4F80-AA45-850E75245F71}.Debug|Any CPU.Build.0 = Debug|Any CPU
		{B1435F1F-9508-4F80-AA45-850E75245F71}.Release|Any CPU.ActiveCfg = Release|Any CPU
		{B1435F1F-9508-4F80-AA45-850E75245F71}.Release|Any CPU.Build.0 = Release|Any CPU
		{88D8D6DC-62F1-4248-A167-D46433065B7B}.Debug|Any CPU.ActiveCfg = Debug|Any CPU
		{88D8D6DC-62F1-4248-A167-D46433065B7B}.Debug|Any CPU.Build.0 = Debug|Any CPU
		{88D8D6DC-62F1-4248-A167-D46433065B7B}.Release|Any CPU.ActiveCfg = Release|Any CPU
		{88D8D6DC-62F1-4248-A167-D46433065B7B}.Release|Any CPU.Build.0 = Release|Any CPU
	EndGlobalSection
	GlobalSection(SolutionProperties) = preSolution
		HideSolutionNode = FALSE
	EndGlobalSection
	GlobalSection(ExtensibilityGlobals) = postSolution
		SolutionGuid = {5FC6BF38-A217-4F5C-99B7-B725425AA65F}
	EndGlobalSection
EndGlobal
